// !$*UTF8*$!
{
	archiveVersion = 1;
	classes = {
	};
	objectVersion = 77;
	objects = {

/* Begin PBXBuildFile section */
		38A7FC052EABCD6800BD2C08 /* README.md in Resources */ = {isa = PBXBuildFile; fileRef = 38A7FC042EABCD6800BD2C08 /* README.md */; };
/* End PBXBuildFile section */

/* Begin PBXContainerItemProxy section */
		38A7FBE22EAB7EDB00BD2C08 /* PBXContainerItemProxy */ = {
			isa = PBXContainerItemProxy;
			containerPortal = 38A7FBCB2EAB7ED900BD2C08 /* Project object */;
			proxyType = 1;
			remoteGlobalIDString = 38A7FBD22EAB7ED900BD2C08;
			remoteInfo = NavigationsStackTemplate;
		};
		38A7FBEC2EAB7EDB00BD2C08 /* PBXContainerItemProxy */ = {
			isa = PBXContainerItemProxy;
			containerPortal = 38A7FBCB2EAB7ED900BD2C08 /* Project object */;
			proxyType = 1;
			remoteGlobalIDString = 38A7FBD22EAB7ED900BD2C08;
			remoteInfo = NavigationsStackTemplate;
		};
/* End PBXContainerItemProxy section */

/* Begin PBXFileReference section */
		38A7FBD32EAB7ED900BD2C08 /* NavigationsStackTemplate.app */ = {isa = PBXFileReference; explicitFileType = wrapper.application; includeInIndex = 0; path = NavigationsStackTemplate.app; sourceTree = BUILT_PRODUCTS_DIR; };
		38A7FBE12EAB7EDB00BD2C08 /* NavigationsStackTemplateTests.xctest */ = {isa = PBXFileReference; explicitFileType = wrapper.cfbundle; includeInIndex = 0; path = NavigationsStackTemplateTests.xctest; sourceTree = BUILT_PRODUCTS_DIR; };
		38A7FBEB2EAB7EDB00BD2C08 /* NavigationsStackTemplateUITests.xctest */ = {isa = PBXFileReference; explicitFileType = wrapper.cfbundle; includeInIndex = 0; path = NavigationsStackTemplateUITests.xctest; sourceTree = BUILT_PRODUCTS_DIR; };
		38A7FC042EABCD6800BD2C08 /* README.md */ = {isa = PBXFileReference; lastKnownFileType = net.daringfireball.markdown; path = README.md; sourceTree = "<group>"; };
/* End PBXFileReference section */

/* Begin PBXFileSystemSynchronizedRootGroup section */
		38A7FBD52EAB7ED900BD2C08 /* NavigationsStackTemplate */ = {
			isa = PBXFileSystemSynchronizedRootGroup;
			path = NavigationsStackTemplate;
			sourceTree = "<group>";
		};
		38A7FBE42EAB7EDB00BD2C08 /* NavigationsStackTemplateTests */ = {
			isa = PBXFileSystemSynchronizedRootGroup;
			path = NavigationsStackTemplateTests;
			sourceTree = "<group>";
		};
		38A7FBEE2EAB7EDB00BD2C08 /* NavigationsStackTemplateUITests */ = {
			isa = PBXFileSystemSynchronizedRootGroup;
			path = NavigationsStackTemplateUITests;
			sourceTree = "<group>";
		};
/* End PBXFileSystemSynchronizedRootGroup section */

/* Begin PBXFrameworksBuildPhase section */
		38A7FBD02EAB7ED900BD2C08 /* Frameworks */ = {
			isa = PBXFrameworksBuildPhase;
			buildActionMask = 2147483647;
			files = (
			);
			runOnlyForDeploymentPostprocessing = 0;
		};
		38A7FBDE2EAB7EDB00BD2C08 /* Frameworks */ = {
			isa = PBXFrameworksBuildPhase;
			buildActionMask = 2147483647;
			files = (
			);
			runOnlyForDeploymentPostprocessing = 0;
		};
		38A7FBE82EAB7EDB00BD2C08 /* Frameworks */ = {
			isa = PBXFrameworksBuildPhase;
			buildActionMask = 2147483647;
			files = (
			);
			runOnlyForDeploymentPostprocessing = 0;
		};
/* End PBXFrameworksBuildPhase section */

/* Begin PBXGroup section */
		38A7FBCA2EAB7ED900BD2C08 = {
			isa = PBXGroup;
			children = (
				38A7FBD52EAB7ED900BD2C08 /* NavigationsStackTemplate */,
				38A7FBE42EAB7EDB00BD2C08 /* NavigationsStackTemplateTests */,
				38A7FBEE2EAB7EDB00BD2C08 /* NavigationsStackTemplateUITests */,
				38A7FBD42EAB7ED900BD2C08 /* Products */,
				38A7FC042EABCD6800BD2C08 /* README.md */,
			);
			sourceTree = "<group>";
		};
		38A7FBD42EAB7ED900BD2C08 /* Products */ = {
			isa = PBXGroup;
			children = (
				38A7FBD32EAB7ED900BD2C08 /* NavigationsStackTemplate.app */,
				38A7FBE12EAB7EDB00BD2C08 /* NavigationsStackTemplateTests.xctest */,
				38A7FBEB2EAB7EDB00BD2C08 /* NavigationsStackTemplateUITests.xctest */,
			);
			name = Products;
			sourceTree = "<group>";
		};
/* End PBXGroup section */

/* Begin PBXNativeTarget section */
		38A7FBD22EAB7ED900BD2C08 /* NavigationsStackTemplate */ = {
			isa = PBXNativeTarget;
			buildConfigurationList = 38A7FBF52EAB7EDB00BD2C08 /* Build configuration list for PBXNativeTarget "NavigationsStackTemplate" */;
			buildPhases = (
				38A7FBCF2EAB7ED900BD2C08 /* Sources */,
				38A7FBD02EAB7ED900BD2C08 /* Frameworks */,
				38A7FBD12EAB7ED900BD2C08 /* Resources */,
			);
			buildRules = (
			);
			dependencies = (
			);
			fileSystemSynchronizedGroups = (
				38A7FBD52EAB7ED900BD2C08 /* NavigationsStackTemplate */,
			);
			name = NavigationsStackTemplate;
			packageProductDependencies = (
			);
			productName = NavigationsStackTemplate;
			productReference = 38A7FBD32EAB7ED900BD2C08 /* NavigationsStackTemplate.app */;
			productType = "com.apple.product-type.application";
		};
		38A7FBE02EAB7EDB00BD2C08 /* NavigationsStackTemplateTests */ = {
			isa = PBXNativeTarget;
			buildConfigurationList = 38A7FBF82EAB7EDB00BD2C08 /* Build configuration list for PBXNativeTarget "NavigationsStackTemplateTests" */;
			buildPhases = (
				38A7FBDD2EAB7EDB00BD2C08 /* Sources */,
				38A7FBDE2EAB7EDB00BD2C08 /* Frameworks */,
				38A7FBDF2EAB7EDB00BD2C08 /* Resources */,
			);
			buildRules = (
			);
			dependencies = (
				38A7FBE32EAB7EDB00BD2C08 /* PBXTargetDependency */,
			);
			fileSystemSynchronizedGroups = (
				38A7FBE42EAB7EDB00BD2C08 /* NavigationsStackTemplateTests */,
			);
			name = NavigationsStackTemplateTests;
			packageProductDependencies = (
			);
			productName = NavigationsStackTemplateTests;
			productReference = 38A7FBE12EAB7EDB00BD2C08 /* NavigationsStackTemplateTests.xctest */;
			productType = "com.apple.product-type.bundle.unit-test";
		};
		38A7FBEA2EAB7EDB00BD2C08 /* NavigationsStackTemplateUITests */ = {
			isa = PBXNativeTarget;
			buildConfigurationList = 38A7FBFB2EAB7EDB00BD2C08 /* Build configuration list for PBXNativeTarget "NavigationsStackTemplateUITests" */;
			buildPhases = (
				38A7FBE72EAB7EDB00BD2C08 /* Sources */,
				38A7FBE82EAB7EDB00BD2C08 /* Frameworks */,
				38A7FBE92EAB7EDB00BD2C08 /* Resources */,
			);
			buildRules = (
			);
			dependencies = (
				38A7FBED2EAB7EDB00BD2C08 /* PBXTargetDependency */,
			);
			fileSystemSynchronizedGroups = (
				38A7FBEE2EAB7EDB00BD2C08 /* NavigationsStackTemplateUITests */,
			);
			name = NavigationsStackTemplateUITests;
			packageProductDependencies = (
			);
			productName = NavigationsStackTemplateUITests;
			productReference = 38A7FBEB2EAB7EDB00BD2C08 /* NavigationsStackTemplateUITests.xctest */;
			productType = "com.apple.product-type.bundle.ui-testing";
		};
/* End PBXNativeTarget section */

/* Begin PBXProject section */
		38A7FBCB2EAB7ED900BD2C08 /* Project object */ = {
			isa = PBXProject;
			attributes = {
				BuildIndependentTargetsInParallel = 1;
				LastSwiftUpdateCheck = 1640;
				LastUpgradeCheck = 1640;
				TargetAttributes = {
					38A7FBD22EAB7ED900BD2C08 = {
						CreatedOnToolsVersion = 16.4;
					};
					38A7FBE02EAB7EDB00BD2C08 = {
						CreatedOnToolsVersion = 16.4;
						TestTargetID = 38A7FBD22EAB7ED900BD2C08;
					};
					38A7FBEA2EAB7EDB00BD2C08 = {
						CreatedOnToolsVersion = 16.4;
						TestTargetID = 38A7FBD22EAB7ED900BD2C08;
					};
				};
			};
			buildConfigurationList = 38A7FBCE2EAB7ED900BD2C08 /* Build configuration list for PBXProject "NavigationsStackTemplate" */;
			developmentRegion = en;
			hasScannedForEncodings = 0;
			knownRegions = (
				en,
				Base,
			);
			mainGroup = 38A7FBCA2EAB7ED900BD2C08;
			minimizedProjectReferenceProxies = 1;
			preferredProjectObjectVersion = 77;
			productRefGroup = 38A7FBD42EAB7ED900BD2C08 /* Products */;
			projectDirPath = "";
			projectRoot = "";
			targets = (
				38A7FBD22EAB7ED900BD2C08 /* NavigationsStackTemplate */,
				38A7FBE02EAB7EDB00BD2C08 /* NavigationsStackTemplateTests */,
				38A7FBEA2EAB7EDB00BD2C08 /* NavigationsStackTemplateUITests */,
			);
		};
/* End PBXProject section */

/* Begin PBXResourcesBuildPhase section */
		38A7FBD12EAB7ED900BD2C08 /* Resources */ = {
			isa = PBXResourcesBuildPhase;
			buildActionMask = 2147483647;
			files = (
				38A7FC052EABCD6800BD2C08 /* README.md in Resources */,
			);
			runOnlyForDeploymentPostprocessing = 0;
		};
		38A7FBDF2EAB7EDB00BD2C08 /* Resources */ = {
			isa = PBXResourcesBuildPhase;
			buildActionMask = 2147483647;
			files = (
			);
			runOnlyForDeploymentPostprocessing = 0;
		};
		38A7FBE92EAB7EDB00BD2C08 /* Resources */ = {
			isa = PBXResourcesBuildPhase;
			buildActionMask = 2147483647;
			files = (
			);
			runOnlyForDeploymentPostprocessing = 0;
		};
/* End PBXResourcesBuildPhase section */

/* Begin PBXSourcesBuildPhase section */
		38A7FBCF2EAB7ED900BD2C08 /* Sources */ = {
			isa = PBXSourcesBuildPhase;
			buildActionMask = 2147483647;
			files = (
			);
			runOnlyForDeploymentPostprocessing = 0;
		};
		38A7FBDD2EAB7EDB00BD2C08 /* Sources */ = {
			isa = PBXSourcesBuildPhase;
			buildActionMask = 2147483647;
			files = (
			);
			runOnlyForDeploymentPostprocessing = 0;
		};
		38A7FBE72EAB7EDB00BD2C08 /* Sources */ = {
			isa = PBXSourcesBuildPhase;
			buildActionMask = 2147483647;
			files = (
			);
			runOnlyForDeploymentPostprocessing = 0;
		};
/* End PBXSourcesBuildPhase section */

/* Begin PBXTargetDependency section */
		38A7FBE32EAB7EDB00BD2C08 /* PBXTargetDependency */ = {
			isa = PBXTargetDependency;
			target = 38A7FBD22EAB7ED900BD2C08 /* NavigationsStackTemplate */;
			targetProxy = 38A7FBE22EAB7EDB00BD2C08 /* PBXContainerItemProxy */;
		};
		38A7FBED2EAB7EDB00BD2C08 /* PBXTargetDependency */ = {
			isa = PBXTargetDependency;
			target = 38A7FBD22EAB7ED900BD2C08 /* NavigationsStackTemplate */;
			targetProxy = 38A7FBEC2EAB7EDB00BD2C08 /* PBXContainerItemProxy */;
		};
/* End PBXTargetDependency section */

/* Begin XCBuildConfiguration section */
		38A7FBF32EAB7EDB00BD2C08 /* Debug */ = {
			isa = XCBuildConfiguration;
			buildSettings = {
				ALWAYS_SEARCH_USER_PATHS = NO;
				ASSETCATALOG_COMPILER_GENERATE_SWIFT_ASSET_SYMBOL_EXTENSIONS = YES;
				CLANG_ANALYZER_NONNULL = YES;
				CLANG_ANALYZER_NUMBER_OBJECT_CONVERSION = YES_AGGRESSIVE;
				CLANG_CXX_LANGUAGE_STANDARD = "gnu++20";
				CLANG_ENABLE_MODULES = YES;
				CLANG_ENABLE_OBJC_ARC = YES;
				CLANG_ENABLE_OBJC_WEAK = YES;
				CLANG_WARN_BLOCK_CAPTURE_AUTORELEASING = YES;
				CLANG_WARN_BOOL_CONVERSION = YES;
				CLANG_WARN_COMMA = YES;
				CLANG_WARN_CONSTANT_CONVERSION = YES;
				CLANG_WARN_DEPRECATED_OBJC_IMPLEMENTATIONS = YES;
				CLANG_WARN_DIRECT_OBJC_ISA_USAGE = YES_ERROR;
				CLANG_WARN_DOCUMENTATION_COMMENTS = YES;
				CLANG_WARN_EMPTY_BODY = YES;
				CLANG_WARN_ENUM_CONVERSION = YES;
				CLANG_WARN_INFINITE_RECURSION = YES;
				CLANG_WARN_INT_CONVERSION = YES;
				CLANG_WARN_NON_LITERAL_NULL_CONVERSION = YES;
				CLANG_WARN_OBJC_IMPLICIT_RETAIN_SELF = YES;
				CLANG_WARN_OBJC_LITERAL_CONVERSION = YES;
				CLANG_WARN_OBJC_ROOT_CLASS = YES_ERROR;
				CLANG_WARN_QUOTED_INCLUDE_IN_FRAMEWORK_HEADER = YES;
				CLANG_WARN_RANGE_LOOP_ANALYSIS = YES;
				CLANG_WARN_STRICT_PROTOTYPES = YES;
				CLANG_WARN_SUSPICIOUS_MOVE = YES;
				CLANG_WARN_UNGUARDED_AVAILABILITY = YES_AGGRESSIVE;
				CLANG_WARN_UNREACHABLE_CODE = YES;
				CLANG_WARN__DUPLICATE_METHOD_MATCH = YES;
				COPY_PHASE_STRIP = NO;
				DEBUG_INFORMATION_FORMAT = dwarf;
				DEVELOPMENT_TEAM = YL4JN7SQY2;
				ENABLE_STRICT_OBJC_MSGSEND = YES;
				ENABLE_TESTABILITY = YES;
				ENABLE_USER_SCRIPT_SANDBOXING = YES;
				GCC_C_LANGUAGE_STANDARD = gnu17;
				GCC_DYNAMIC_NO_PIC = NO;
				GCC_NO_COMMON_BLOCKS = YES;
				GCC_OPTIMIZATION_LEVEL = 0;
				GCC_PREPROCESSOR_DEFINITIONS = (
					"DEBUG=1",
					"$(inherited)",
				);
				GCC_WARN_64_TO_32_BIT_CONVERSION = YES;
				GCC_WARN_ABOUT_RETURN_TYPE = YES_ERROR;
				GCC_WARN_UNDECLARED_SELECTOR = YES;
				GCC_WARN_UNINITIALIZED_AUTOS = YES_AGGRESSIVE;
				GCC_WARN_UNUSED_FUNCTION = YES;
				GCC_WARN_UNUSED_VARIABLE = YES;
				LOCALIZATION_PREFERS_STRING_CATALOGS = YES;
				MTL_ENABLE_DEBUG_INFO = INCLUDE_SOURCE;
				MTL_FAST_MATH = YES;
				ONLY_ACTIVE_ARCH = YES;
				SWIFT_ACTIVE_COMPILATION_CONDITIONS = "DEBUG $(inherited)";
				SWIFT_OPTIMIZATION_LEVEL = "-Onone";
			};
			name = Debug;
		};
		38A7FBF42EAB7EDB00BD2C08 /* Release */ = {
			isa = XCBuildConfiguration;
			buildSettings = {
				ALWAYS_SEARCH_USER_PATHS = NO;
				ASSETCATALOG_COMPILER_GENERATE_SWIFT_ASSET_SYMBOL_EXTENSIONS = YES;
				CLANG_ANALYZER_NONNULL = YES;
				CLANG_ANALYZER_NUMBER_OBJECT_CONVERSION = YES_AGGRESSIVE;
				CLANG_CXX_LANGUAGE_STANDARD = "gnu++20";
				CLANG_ENABLE_MODULES = YES;
				CLANG_ENABLE_OBJC_ARC = YES;
				CLANG_ENABLE_OBJC_WEAK = YES;
				CLANG_WARN_BLOCK_CAPTURE_AUTORELEASING = YES;
				CLANG_WARN_BOOL_CONVERSION = YES;
				CLANG_WARN_COMMA = YES;
				CLANG_WARN_CONSTANT_CONVERSION = YES;
				CLANG_WARN_DEPRECATED_OBJC_IMPLEMENTATIONS = YES;
				CLANG_WARN_DIRECT_OBJC_ISA_USAGE = YES_ERROR;
				CLANG_WARN_DOCUMENTATION_COMMENTS = YES;
				CLANG_WARN_EMPTY_BODY = YES;
				CLANG_WARN_ENUM_CONVERSION = YES;
				CLANG_WARN_INFINITE_RECURSION = YES;
				CLANG_WARN_INT_CONVERSION = YES;
				CLANG_WARN_NON_LITERAL_NULL_CONVERSION = YES;
				CLANG_WARN_OBJC_IMPLICIT_RETAIN_SELF = YES;
				CLANG_WARN_OBJC_LITERAL_CONVERSION = YES;
				CLANG_WARN_OBJC_ROOT_CLASS = YES_ERROR;
				CLANG_WARN_QUOTED_INCLUDE_IN_FRAMEWORK_HEADER = YES;
				CLANG_WARN_RANGE_LOOP_ANALYSIS = YES;
				CLANG_WARN_STRICT_PROTOTYPES = YES;
				CLANG_WARN_SUSPICIOUS_MOVE = YES;
				CLANG_WARN_UNGUARDED_AVAILABILITY = YES_AGGRESSIVE;
				CLANG_WARN_UNREACHABLE_CODE = YES;
				CLANG_WARN__DUPLICATE_METHOD_MATCH = YES;
				COPY_PHASE_STRIP = NO;
				DEBUG_INFORMATION_FORMAT = "dwarf-with-dsym";
				DEVELOPMENT_TEAM = YL4JN7SQY2;
				ENABLE_NS_ASSERTIONS = NO;
				ENABLE_STRICT_OBJC_MSGSEND = YES;
				ENABLE_USER_SCRIPT_SANDBOXING = YES;
				GCC_C_LANGUAGE_STANDARD = gnu17;
				GCC_NO_COMMON_BLOCKS = YES;
				GCC_WARN_64_TO_32_BIT_CONVERSION = YES;
				GCC_WARN_ABOUT_RETURN_TYPE = YES_ERROR;
				GCC_WARN_UNDECLARED_SELECTOR = YES;
				GCC_WARN_UNINITIALIZED_AUTOS = YES_AGGRESSIVE;
				GCC_WARN_UNUSED_FUNCTION = YES;
				GCC_WARN_UNUSED_VARIABLE = YES;
				LOCALIZATION_PREFERS_STRING_CATALOGS = YES;
				MTL_ENABLE_DEBUG_INFO = NO;
				MTL_FAST_MATH = YES;
				SWIFT_COMPILATION_MODE = wholemodule;
			};
			name = Release;
		};
		38A7FBF62EAB7EDB00BD2C08 /* Debug */ = {
			isa = XCBuildConfiguration;
			buildSettings = {
				ASSETCATALOG_COMPILER_APPICON_NAME = AppIcon;
				ASSETCATALOG_COMPILER_GLOBAL_ACCENT_COLOR_NAME = AccentColor;
				CODE_SIGN_ENTITLEMENTS = NavigationsStackTemplate/NavigationsStackTemplate.entitlements;
				CODE_SIGN_IDENTITY = "Apple Development";
				CODE_SIGN_STYLE = Automatic;
				CURRENT_PROJECT_VERSION = 1;
				DEVELOPMENT_TEAM = YL4JN7SQY2;
				ENABLE_HARDENED_RUNTIME = YES;
				ENABLE_PREVIEWS = YES;
				GENERATE_INFOPLIST_FILE = YES;
				INFOPLIST_KEY_LSApplicationCategoryType = "public.app-category.utilities";
				"INFOPLIST_KEY_UIApplicationSceneManifest_Generation[sdk=iphoneos*]" = YES;
				"INFOPLIST_KEY_UIApplicationSceneManifest_Generation[sdk=iphonesimulator*]" = YES;
				"INFOPLIST_KEY_UIApplicationSupportsIndirectInputEvents[sdk=iphoneos*]" = YES;
				"INFOPLIST_KEY_UIApplicationSupportsIndirectInputEvents[sdk=iphonesimulator*]" = YES;
				"INFOPLIST_KEY_UILaunchScreen_Generation[sdk=iphoneos*]" = YES;
				"INFOPLIST_KEY_UILaunchScreen_Generation[sdk=iphonesimulator*]" = YES;
				"INFOPLIST_KEY_UIStatusBarStyle[sdk=iphoneos*]" = UIStatusBarStyleDefault;
				"INFOPLIST_KEY_UIStatusBarStyle[sdk=iphonesimulator*]" = UIStatusBarStyleDefault;
				INFOPLIST_KEY_UISupportedInterfaceOrientations_iPad = "UIInterfaceOrientationPortrait UIInterfaceOrientationPortraitUpsideDown UIInterfaceOrientationLandscapeLeft UIInterfaceOrientationLandscapeRight";
				INFOPLIST_KEY_UISupportedInterfaceOrientations_iPhone = "UIInterfaceOrientationPortrait UIInterfaceOrientationLandscapeLeft UIInterfaceOrientationLandscapeRight";
				IPHONEOS_DEPLOYMENT_TARGET = 18.5;
				LD_RUNPATH_SEARCH_PATHS = "@executable_path/Frameworks";
				"LD_RUNPATH_SEARCH_PATHS[sdk=macosx*]" = "@executable_path/../Frameworks";
				MACOSX_DEPLOYMENT_TARGET = 15.5;
				MARKETING_VERSION = 1.0;
				PRODUCT_BUNDLE_IDENTIFIER = "Jo-Developer40.NavigationsStackTemplate";
				PRODUCT_NAME = "$(TARGET_NAME)";
				PROVISIONING_PROFILE_SPECIFIER = "";
				REGISTER_APP_GROUPS = YES;
				SDKROOT = auto;
				SUPPORTED_PLATFORMS = "iphoneos iphonesimulator macosx xros xrsimulator";
				SWIFT_EMIT_LOC_STRINGS = YES;
				SWIFT_VERSION = 5.0;
				TARGETED_DEVICE_FAMILY = "1,2,7";
				XROS_DEPLOYMENT_TARGET = 2.5;
			};
			name = Debug;
		};
		38A7FBF72EAB7EDB00BD2C08 /* Release */ = {
			isa = XCBuildConfiguration;
			buildSettings = {
				ASSETCATALOG_COMPILER_APPICON_NAME = AppIcon;
				ASSETCATALOG_COMPILER_GLOBAL_ACCENT_COLOR_NAME = AccentColor;
				CODE_SIGN_ENTITLEMENTS = NavigationsStackTemplate/NavigationsStackTemplate.entitlements;
				CODE_SIGN_IDENTITY = "Apple Development";
				CODE_SIGN_STYLE = Automatic;
				CURRENT_PROJECT_VERSION = 1;
				DEVELOPMENT_TEAM = YL4JN7SQY2;
				ENABLE_HARDENED_RUNTIME = YES;
				ENABLE_PREVIEWS = YES;
				GENERATE_INFOPLIST_FILE = YES;
				INFOPLIST_KEY_LSApplicationCategoryType = "public.app-category.utilities";
				"INFOPLIST_KEY_UIApplicationSceneManifest_Generation[sdk=iphoneos*]" = YES;
				"INFOPLIST_KEY_UIApplicationSceneManifest_Generation[sdk=iphonesimulator*]" = YES;
				"INFOPLIST_KEY_UIApplicationSupportsIndirectInputEvents[sdk=iphoneos*]" = YES;
				"INFOPLIST_KEY_UIApplicationSupportsIndirectInputEvents[sdk=iphonesimulator*]" = YES;
				"INFOPLIST_KEY_UILaunchScreen_Generation[sdk=iphoneos*]" = YES;
				"INFOPLIST_KEY_UILaunchScreen_Generation[sdk=iphonesimulator*]" = YES;
				"INFOPLIST_KEY_UIStatusBarStyle[sdk=iphoneos*]" = UIStatusBarStyleDefault;
				"INFOPLIST_KEY_UIStatusBarStyle[sdk=iphonesimulator*]" = UIStatusBarStyleDefault;
				INFOPLIST_KEY_UISupportedInterfaceOrientations_iPad = "UIInterfaceOrientationPortrait UIInterfaceOrientationPortraitUpsideDown UIInterfaceOrientationLandscapeLeft UIInterfaceOrientationLandscapeRight";
				INFOPLIST_KEY_UISupportedInterfaceOrientations_iPhone = "UIInterfaceOrientationPortrait UIInterfaceOrientationLandscapeLeft UIInterfaceOrientationLandscapeRight";
				IPHONEOS_DEPLOYMENT_TARGET = 18.5;
				LD_RUNPATH_SEARCH_PATHS = "@executable_path/Frameworks";
				"LD_RUNPATH_SEARCH_PATHS[sdk=macosx*]" = "@executable_path/../Frameworks";
				MACOSX_DEPLOYMENT_TARGET = 15.5;
				MARKETING_VERSION = 1.0;
				PRODUCT_BUNDLE_IDENTIFIER = "Jo-Developer40.NavigationsStackTemplate";
				PRODUCT_NAME = "$(TARGET_NAME)";
				PROVISIONING_PROFILE_SPECIFIER = "";
				REGISTER_APP_GROUPS = YES;
				SDKROOT = auto;
				SUPPORTED_PLATFORMS = "iphoneos iphonesimulator macosx xros xrsimulator";
				SWIFT_EMIT_LOC_STRINGS = YES;
				SWIFT_VERSION = 5.0;
				TARGETED_DEVICE_FAMILY = "1,2,7";
				XROS_DEPLOYMENT_TARGET = 2.5;
			};
			name = Release;
		};
		38A7FBF92EAB7EDB00BD2C08 /* Debug */ = {
			isa = XCBuildConfiguration;
			buildSettings = {
				BUNDLE_LOADER = "$(TEST_HOST)";
				CODE_SIGN_STYLE = Automatic;
				CURRENT_PROJECT_VERSION = 1;
				DEVELOPMENT_TEAM = YL4JN7SQY2;
				GENERATE_INFOPLIST_FILE = YES;
				IPHONEOS_DEPLOYMENT_TARGET = 18.5;
				MACOSX_DEPLOYMENT_TARGET = 15.5;
				MARKETING_VERSION = 1.0;
				PRODUCT_BUNDLE_IDENTIFIER = "Jo-Developer40.NavigationsStackTemplateTests";
				PRODUCT_NAME = "$(TARGET_NAME)";
				SDKROOT = auto;
				SUPPORTED_PLATFORMS = "iphoneos iphonesimulator macosx xros xrsimulator";
				SWIFT_EMIT_LOC_STRINGS = NO;
				SWIFT_VERSION = 5.0;
				TARGETED_DEVICE_FAMILY = "1,2,7";
				TEST_HOST = "$(BUILT_PRODUCTS_DIR)/NavigationsStackTemplate.app/$(BUNDLE_EXECUTABLE_FOLDER_PATH)/NavigationsStackTemplate";
				XROS_DEPLOYMENT_TARGET = 2.5;
			};
			name = Debug;
		};
		38A7FBFA2EAB7EDB00BD2C08 /* Release */ = {
			isa = XCBuildConfiguration;
			buildSettings = {
				BUNDLE_LOADER = "$(TEST_HOST)";
				CODE_SIGN_STYLE = Automatic;
				CURRENT_PROJECT_VERSION = 1;
				DEVELOPMENT_TEAM = YL4JN7SQY2;
				GENERATE_INFOPLIST_FILE = YES;
				IPHONEOS_DEPLOYMENT_TARGET = 18.5;
				MACOSX_DEPLOYMENT_TARGET = 15.5;
				MARKETING_VERSION = 1.0;
				PRODUCT_BUNDLE_IDENTIFIER = "Jo-Developer40.NavigationsStackTemplateTests";
				PRODUCT_NAME = "$(TARGET_NAME)";
				SDKROOT = auto;
				SUPPORTED_PLATFORMS = "iphoneos iphonesimulator macosx xros xrsimulator";
				SWIFT_EMIT_LOC_STRINGS = NO;
				SWIFT_VERSION = 5.0;
				TARGETED_DEVICE_FAMILY = "1,2,7";
				TEST_HOST = "$(BUILT_PRODUCTS_DIR)/NavigationsStackTemplate.app/$(BUNDLE_EXECUTABLE_FOLDER_PATH)/NavigationsStackTemplate";
				XROS_DEPLOYMENT_TARGET = 2.5;
			};
			name = Release;
		};
		38A7FBFC2EAB7EDB00BD2C08 /* Debug */ = {
			isa = XCBuildConfiguration;
			buildSettings = {
				CODE_SIGN_STYLE = Automatic;
				CURRENT_PROJECT_VERSION = 1;
				DEVELOPMENT_TEAM = YL4JN7SQY2;
				GENERATE_INFOPLIST_FILE = YES;
				IPHONEOS_DEPLOYMENT_TARGET = 18.5;
				MACOSX_DEPLOYMENT_TARGET = 15.5;
				MARKETING_VERSION = 1.0;
				PRODUCT_BUNDLE_IDENTIFIER = "Jo-Developer40.NavigationsStackTemplateUITests";
				PRODUCT_NAME = "$(TARGET_NAME)";
				SDKROOT = auto;
				SUPPORTED_PLATFORMS = "iphoneos iphonesimulator macosx xros xrsimulator";
				SWIFT_EMIT_LOC_STRINGS = NO;
				SWIFT_VERSION = 5.0;
				TARGETED_DEVICE_FAMILY = "1,2,7";
				TEST_TARGET_NAME = NavigationsStackTemplate;
				XROS_DEPLOYMENT_TARGET = 2.5;
			};
			name = Debug;
		};
		38A7FBFD2EAB7EDB00BD2C08 /* Release */ = {
			isa = XCBuildConfiguration;
			buildSettings = {
				CODE_SIGN_STYLE = Automatic;
				CURRENT_PROJECT_VERSION = 1;
				DEVELOPMENT_TEAM = YL4JN7SQY2;
				GENERATE_INFOPLIST_FILE = YES;
				IPHONEOS_DEPLOYMENT_TARGET = 18.5;
				MACOSX_DEPLOYMENT_TARGET = 15.5;
				MARKETING_VERSION = 1.0;
				PRODUCT_BUNDLE_IDENTIFIER = "Jo-Developer40.NavigationsStackTemplateUITests";
				PRODUCT_NAME = "$(TARGET_NAME)";
				SDKROOT = auto;
				SUPPORTED_PLATFORMS = "iphoneos iphonesimulator macosx xros xrsimulator";
				SWIFT_EMIT_LOC_STRINGS = NO;
				SWIFT_VERSION = 5.0;
				TARGETED_DEVICE_FAMILY = "1,2,7";
				TEST_TARGET_NAME = NavigationsStackTemplate;
				XROS_DEPLOYMENT_TARGET = 2.5;
			};
			name = Release;
		};
/* End XCBuildConfiguration section */

/* Begin XCConfigurationList section */
		38A7FBCE2EAB7ED900BD2C08 /* Build configuration list for PBXProject "NavigationsStackTemplate" */ = {
			isa = XCConfigurationList;
			buildConfigurations = (
				38A7FBF32EAB7EDB00BD2C08 /* Debug */,
				38A7FBF42EAB7EDB00BD2C08 /* Release */,
			);
			defaultConfigurationIsVisible = 0;
			defaultConfigurationName = Release;
		};
		38A7FBF52EAB7EDB00BD2C08 /* Build configuration list for PBXNativeTarget "NavigationsStackTemplate" */ = {
			isa = XCConfigurationList;
			buildConfigurations = (
				38A7FBF62EAB7EDB00BD2C08 /* Debug */,
				38A7FBF72EAB7EDB00BD2C08 /* Release */,
			);
			defaultConfigurationIsVisible = 0;
			defaultConfigurationName = Release;
		};
		38A7FBF82EAB7EDB00BD2C08 /* Build configuration list for PBXNativeTarget "NavigationsStackTemplateTests" */ = {
			isa = XCConfigurationList;
			buildConfigurations = (
				38A7FBF92EAB7EDB00BD2C08 /* Debug */,
				38A7FBFA2EAB7EDB00BD2C08 /* Release */,
			);
			defaultConfigurationIsVisible = 0;
			defaultConfigurationName = Release;
		};
		38A7FBFB2EAB7EDB00BD2C08 /* Build configuration list for PBXNativeTarget "NavigationsStackTemplateUITests" */ = {
			isa = XCConfigurationList;
			buildConfigurations = (
				38A7FBFC2EAB7EDB00BD2C08 /* Debug */,
				38A7FBFD2EAB7EDB00BD2C08 /* Release */,
			);
			defaultConfigurationIsVisible = 0;
			defaultConfigurationName = Release;
		};
/* End XCConfigurationList section */
	};
	rootObject = 38A7FBCB2EAB7ED900BD2C08 /* Project object */;
}
